// !$*UTF8*$!
{
	archiveVersion = 1;
	classes = {
	};
	objectVersion = 50;
	objects = {

/* Begin PBXBuildFile section */
		8587775B240CD549005A70EB /* AppDelegate.swift in Sources */ = {isa = PBXBuildFile; fileRef = 8587775A240CD549005A70EB /* AppDelegate.swift */; };
		8587775D240CD549005A70EB /* SceneDelegate.swift in Sources */ = {isa = PBXBuildFile; fileRef = 8587775C240CD549005A70EB /* SceneDelegate.swift */; };
		8587775F240CD549005A70EB /* ViewController.swift in Sources */ = {isa = PBXBuildFile; fileRef = 8587775E240CD549005A70EB /* ViewController.swift */; };
		85877762240CD549005A70EB /* Main.storyboard in Resources */ = {isa = PBXBuildFile; fileRef = 85877760240CD549005A70EB /* Main.storyboard */; };
		85877764240CD54B005A70EB /* Assets.xcassets in Resources */ = {isa = PBXBuildFile; fileRef = 85877763240CD54B005A70EB /* Assets.xcassets */; };
		85877767240CD54B005A70EB /* LaunchScreen.storyboard in Resources */ = {isa = PBXBuildFile; fileRef = 85877765240CD54B005A70EB /* LaunchScreen.storyboard */; };
		85877771240CDC18005A70EB /* ObjectiveC.pdf in Resources */ = {isa = PBXBuildFile; fileRef = 85877770240CDC18005A70EB /* ObjectiveC.pdf */; };
/* End PBXBuildFile section */

/* Begin PBXFileReference section */
		85877757240CD549005A70EB /* readPDF.app */ = {isa = PBXFileReference; explicitFileType = wrapper.application; includeInIndex = 0; path = readPDF.app; sourceTree = BUILT_PRODUCTS_DIR; };
		8587775A240CD549005A70EB /* AppDelegate.swift */ = {isa = PBXFileReference; lastKnownFileType = sourcecode.swift; path = AppDelegate.swift; sourceTree = "<group>"; };
		8587775C240CD549005A70EB /* SceneDelegate.swift */ = {isa = PBXFileReference; lastKnownFileType = sourcecode.swift; path = SceneDelegate.swift; sourceTree = "<group>"; };
		8587775E240CD549005A70EB /* ViewController.swift */ = {isa = PBXFileReference; lastKnownFileType = sourcecode.swift; path = ViewController.swift; sourceTree = "<group>"; };
		85877761240CD549005A70EB /* Base */ = {isa = PBXFileReference; lastKnownFileType = file.storyboard; name = Base; path = Base.lproj/Main.storyboard; sourceTree = "<group>"; };
		85877763240CD54B005A70EB /* Assets.xcassets */ = {isa = PBXFileReference; lastKnownFileType = folder.assetcatalog; path = Assets.xcassets; sourceTree = "<group>"; };
		85877766240CD54B005A70EB /* Base */ = {isa = PBXFileReference; lastKnownFileType = file.storyboard; name = Base; path = Base.lproj/LaunchScreen.storyboard; sourceTree = "<group>"; };
		85877768240CD54B005A70EB /* Info.plist */ = {isa = PBXFileReference; lastKnownFileType = text.plist.xml; path = Info.plist; sourceTree = "<group>"; };
		85877770240CDC18005A70EB /* ObjectiveC.pdf */ = {isa = PBXFileReference; lastKnownFileType = image.pdf; name = ObjectiveC.pdf; path = ../../../../ObjectiveC.pdf; sourceTree = "<group>"; };
/* End PBXFileReference section */

/* Begin PBXFrameworksBuildPhase section */
		85877754240CD549005A70EB /* Frameworks */ = {
			isa = PBXFrameworksBuildPhase;
			buildActionMask = 2147483647;
			files = (
			);
			runOnlyForDeploymentPostprocessing = 0;
		};
/* End PBXFrameworksBuildPhase section */

/* Begin PBXGroup section */
		8587774E240CD549005A70EB = {
			isa = PBXGroup;
			children = (
				85877759240CD549005A70EB /* readPDF */,
				85877758240CD549005A70EB /* Products */,
			);
			sourceTree = "<group>";
		};
		85877758240CD549005A70EB /* Products */ = {
			isa = PBXGroup;
			children = (
				85877757240CD549005A70EB /* readPDF.app */,
			);
			name = Products;
			sourceTree = "<group>";
		};
		85877759240CD549005A70EB /* readPDF */ = {
			isa = PBXGroup;
			children = (
				85877770240CDC18005A70EB /* ObjectiveC.pdf */,
				8587775A240CD549005A70EB /* AppDelegate.swift */,
				8587775C240CD549005A70EB /* SceneDelegate.swift */,
				8587775E240CD549005A70EB /* ViewController.swift */,
				85877760240CD549005A70EB /* Main.storyboard */,
				85877763240CD54B005A70EB /* Assets.xcassets */,
				85877765240CD54B005A70EB /* LaunchScreen.storyboard */,
				85877768240CD54B005A70EB /* Info.plist */,
			);
			path = readPDF;
			sourceTree = "<group>";
		};
/* End PBXGroup section */

/* Begin PBXNativeTarget section */
		85877756240CD549005A70EB /* readPDF */ = {
			isa = PBXNativeTarget;
			buildConfigurationList = 8587776B240CD54B005A70EB /* Build configuration list for PBXNativeTarget "readPDF" */;
			buildPhases = (
				85877753240CD549005A70EB /* Sources */,
				85877754240CD549005A70EB /* Frameworks */,
				85877755240CD549005A70EB /* Resources */,
			);
			buildRules = (
			);
			dependencies = (
			);
			name = readPDF;
			productName = readPDF;
			productReference = 85877757240CD549005A70EB /* readPDF.app */;
			productType = "com.apple.product-type.application";
		};
/* End PBXNativeTarget section */

/* Begin PBXProject section */
		8587774F240CD549005A70EB /* Project object */ = {
			isa = PBXProject;
			attributes = {
				LastSwiftUpdateCheck = 1130;
				LastUpgradeCheck = 1130;
				ORGANIZATIONNAME = "com.arika.boshra@gmail";
				TargetAttributes = {
					85877756240CD549005A70EB = {
						CreatedOnToolsVersion = 11.3;
					};
				};
			};
			buildConfigurationList = 85877752240CD549005A70EB /* Build configuration list for PBXProject "readPDF" */;
			compatibilityVersion = "Xcode 9.3";
			developmentRegion = en;
			hasScannedForEncodings = 0;
			knownRegions = (
				en,
				Base,
			);
			mainGroup = 8587774E240CD549005A70EB;
			productRefGroup = 85877758240CD549005A70EB /* Products */;
			projectDirPath = "";
			projectRoot = "";
			targets = (
				85877756240CD549005A70EB /* readPDF */,
			);
		};
/* End PBXProject section */

/* Begin PBXResourcesBuildPhase section */
		85877755240CD549005A70EB /* Resources */ = {
			isa = PBXResourcesBuildPhase;
			buildActionMask = 2147483647;
			files = (
				85877767240CD54B005A70EB /* LaunchScreen.storyboard in Resources */,
				85877771240CDC18005A70EB /* ObjectiveC.pdf in Resources */,
				85877764240CD54B005A70EB /* Assets.xcassets in Resources */,
				85877762240CD549005A70EB /* Main.storyboard in Resources */,
			);
			runOnlyForDeploymentPostprocessing = 0;
		};
/* End PBXResourcesBuildPhase section */

/* Begin PBXSourcesBuildPhase section */
		85877753240CD549005A70EB /* Sources */ = {
			isa = PBXSourcesBuildPhase;
			buildActionMask = 2147483647;
			files = (
				8587775F240CD549005A70EB /* ViewController.swift in Sources */,
				8587775B240CD549005A70EB /* AppDelegate.swift in Sources */,
				8587775D240CD549005A70EB /* SceneDelegate.swift in Sources */,
			);
			runOnlyForDeploymentPostprocessing = 0;
		};
/* End PBXSourcesBuildPhase section */

/* Begin PBXVariantGroup section */
		85877760240CD549005A70EB /* Main.storyboard */ = {
			isa = PBXVariantGroup;
			children = (
				85877761240CD549005A70EB /* Base */,
			);
			name = Main.storyboard;
			sourceTree = "<group>";
		};
		85877765240CD54B005A70EB /* LaunchScreen.storyboard */ = {
			isa = PBXVariantGroup;
			children = (
				85877766240CD54B005A70EB /* Base */,
			);
			name = LaunchScreen.storyboard;
			sourceTree = "<group>";
		};
/* End PBXVariantGroup section */

/* Begin XCBuildConfiguration section */
		85877769240CD54B005A70EB /* Debug */ = {
			isa = XCBuildConfiguration;
			buildSettings = {
				ALWAYS_SEARCH_USER_PATHS = NO;
				CLANG_ANALYZER_NONNULL = YES;
				CLANG_ANALYZER_NUMBER_OBJECT_CONVERSION = YES_AGGRESSIVE;
				CLANG_CXX_LANGUAGE_STANDARD = "gnu++14";
				CLANG_CXX_LIBRARY = "libc++";
				CLANG_ENABLE_MODULES = YES;
				CLANG_ENABLE_OBJC_ARC = YES;
				CLANG_ENABLE_OBJC_WEAK = YES;
				CLANG_WARN_BLOCK_CAPTURE_AUTORELEASING = YES;
				CLANG_WARN_BOOL_CONVERSION = YES;
				CLANG_WARN_COMMA = YES;
				CLANG_WARN_CONSTANT_CONVERSION = YES;
				CLANG_WARN_DEPRECATED_OBJC_IMPLEMENTATIONS = YES;
				CLANG_WARN_DIRECT_OBJC_ISA_USAGE = YES_ERROR;
				CLANG_WARN_DOCUMENTATION_COMMENTS = YES;
				CLANG_WARN_EMPTY_BODY = YES;
				CLANG_WARN_ENUM_CONVERSION = YES;
				CLANG_WARN_INFINITE_RECURSION = YES;
				CLANG_WARN_INT_CONVERSION = YES;
				CLANG_WARN_NON_LITERAL_NULL_CONVERSION = YES;
				CLANG_WARN_OBJC_IMPLICIT_RETAIN_SELF = YES;
				CLANG_WARN_OBJC_LITERAL_CONVERSION = YES;
				CLANG_WARN_OBJC_ROOT_CLASS = YES_ERROR;
				CLANG_WARN_RANGE_LOOP_ANALYSIS = YES;
				CLANG_WARN_STRICT_PROTOTYPES = YES;
				CLANG_WARN_SUSPICIOUS_MOVE = YES;
				CLANG_WARN_UNGUARDED_AVAILABILITY = YES_AGGRESSIVE;
				CLANG_WARN_UNREACHABLE_CODE = YES;
				CLANG_WARN__DUPLICATE_METHOD_MATCH = YES;
				COPY_PHASE_STRIP = NO;
				DEBUG_INFORMATION_FORMAT = dwarf;
				ENABLE_STRICT_OBJC_MSGSEND = YES;
				ENABLE_TESTABILITY = YES;
				GCC_C_LANGUAGE_STANDARD = gnu11;
				GCC_DYNAMIC_NO_PIC = NO;
				GCC_NO_COMMON_BLOCKS = YES;
				GCC_OPTIMIZATION_LEVEL = 0;
				GCC_PREPROCESSOR_DEFINITIONS = (
					"DEBUG=1",
					"$(inherited)",
				);
				GCC_WARN_64_TO_32_BIT_CONVERSION = YES;
				GCC_WARN_ABOUT_RETURN_TYPE = YES_ERROR;
				GCC_WARN_UNDECLARED_SELECTOR = YES;
				GCC_WARN_UNINITIALIZED_AUTOS = YES_AGGRESSIVE;
				GCC_WARN_UNUSED_FUNCTION = YES;
				GCC_WARN_UNUSED_VARIABLE = YES;
				IPHONEOS_DEPLOYMENT_TARGET = 13.2;
				MTL_ENABLE_DEBUG_INFO = INCLUDE_SOURCE;
				MTL_FAST_MATH = YES;
				ONLY_ACTIVE_ARCH = YES;
				SDKROOT = iphoneos;
				SWIFT_ACTIVE_COMPILATION_CONDITIONS = DEBUG;
				SWIFT_OPTIMIZATION_LEVEL = "-Onone";
			};
			name = Debug;
		};
		8587776A240CD54B005A70EB /* Release */ = {
			isa = XCBuildConfiguration;
			buildSettings = {
				ALWAYS_SEARCH_USER_PATHS = NO;
				CLANG_ANALYZER_NONNULL = YES;
				CLANG_ANALYZER_NUMBER_OBJECT_CONVERSION = YES_AGGRESSIVE;
				CLANG_CXX_LANGUAGE_STANDARD = "gnu++14";
				CLANG_CXX_LIBRARY = "libc++";
				CLANG_ENABLE_MODULES = YES;
				CLANG_ENABLE_OBJC_ARC = YES;
				CLANG_ENABLE_OBJC_WEAK = YES;
				CLANG_WARN_BLOCK_CAPTURE_AUTORELEASING = YES;
				CLANG_WARN_BOOL_CONVERSION = YES;
				CLANG_WARN_COMMA = YES;
				CLANG_WARN_CONSTANT_CONVERSION = YES;
				CLANG_WARN_DEPRECATED_OBJC_IMPLEMENTATIONS = YES;
				CLANG_WARN_DIRECT_OBJC_ISA_USAGE = YES_ERROR;
				CLANG_WARN_DOCUMENTATION_COMMENTS = YES;
				CLANG_WARN_EMPTY_BODY = YES;
				CLANG_WARN_ENUM_CONVERSION = YES;
				CLANG_WARN_INFINITE_RECURSION = YES;
				CLANG_WARN_INT_CONVERSION = YES;
				CLANG_WARN_NON_LITERAL_NULL_CONVERSION = YES;
				CLANG_WARN_OBJC_IMPLICIT_RETAIN_SELF = YES;
				CLANG_WARN_OBJC_LITERAL_CONVERSION = YES;
				CLANG_WARN_OBJC_ROOT_CLASS = YES_ERROR;
				CLANG_WARN_RANGE_LOOP_ANALYSIS = YES;
				CLANG_WARN_STRICT_PROTOTYPES = YES;
				CLANG_WARN_SUSPICIOUS_MOVE = YES;
				CLANG_WARN_UNGUARDED_AVAILABILITY = YES_AGGRESSIVE;
				CLANG_WARN_UNREACHABLE_CODE = YES;
				CLANG_WARN__DUPLICATE_METHOD_MATCH = YES;
				COPY_PHASE_STRIP = NO;
				DEBUG_INFORMATION_FORMAT = "dwarf-with-dsym";
				ENABLE_NS_ASSERTIONS = NO;
				ENABLE_STRICT_OBJC_MSGSEND = YES;
				GCC_C_LANGUAGE_STANDARD = gnu11;
				GCC_NO_COMMON_BLOCKS = YES;
				GCC_WARN_64_TO_32_BIT_CONVERSION = YES;
				GCC_WARN_ABOUT_RETURN_TYPE = YES_ERROR;
				GCC_WARN_UNDECLARED_SELECTOR = YES;
				GCC_WARN_UNINITIALIZED_AUTOS = YES_AGGRESSIVE;
				GCC_WARN_UNUSED_FUNCTION = YES;
				GCC_WARN_UNUSED_VARIABLE = YES;
				IPHONEOS_DEPLOYMENT_TARGET = 13.2;
				MTL_ENABLE_DEBUG_INFO = NO;
				MTL_FAST_MATH = YES;
				SDKROOT = iphoneos;
				SWIFT_COMPILATION_MODE = wholemodule;
				SWIFT_OPTIMIZATION_LEVEL = "-O";
				VALIDATE_PRODUCT = YES;
			};
			name = Release;
		};
		8587776C240CD54B005A70EB /* Debug */ = {
			isa = XCBuildConfiguration;
			buildSettings = {
				ASSETCATALOG_COMPILER_APPICON_NAME = AppIcon;
				CODE_SIGN_STYLE = Automatic;
				DEVELOPMENT_TEAM = 4FWUCX226H;
				INFOPLIST_FILE = readPDF/Info.plist;
				LD_RUNPATH_SEARCH_PATHS = (
					"$(inherited)",
					"@executable_path/Frameworks",
				);
				PRODUCT_BUNDLE_IDENTIFIER = BUBT.readPDF;
				PRODUCT_NAME = "$(TARGET_NAME)";
				SWIFT_VERSION = 5.0;
				TARGETED_DEVICE_FAMILY = "1,2";
			};
			name = Debug;
		};
		8587776D240CD54B005A70EB /* Release */ = {
			isa = XCBuildConfiguration;
			buildSettings = {
				ASSETCATALOG_COMPILER_APPICON_NAME = AppIcon;
				CODE_SIGN_STYLE = Automatic;
				DEVELOPMENT_TEAM = 4FWUCX226H;
				INFOPLIST_FILE = readPDF/Info.plist;
				LD_RUNPATH_SEARCH_PATHS = (
					"$(inherited)",
					"@executable_path/Frameworks",
				);
				PRODUCT_BUNDLE_IDENTIFIER = BUBT.readPDF;
				PRODUCT_NAME = "$(TARGET_NAME)";
				SWIFT_VERSION = 5.0;
				TARGETED_DEVICE_FAMILY = "1,2";
			};
			name = Release;
		};
/* End XCBuildConfiguration section */

/* Begin XCConfigurationList section */
		85877752240CD549005A70EB /* Build configuration list for PBXProject "readPDF" */ = {
			isa = XCConfigurationList;
			buildConfigurations = (
				85877769240CD54B005A70EB /* Debug */,
				8587776A240CD54B005A70EB /* Release */,
			);
			defaultConfigurationIsVisible = 0;
			defaultConfigurationName = Release;
		};
		8587776B240CD54B005A70EB /* Build configuration list for PBXNativeTarget "readPDF" */ = {
			isa = XCConfigurationList;
			buildConfigurations = (
				8587776C240CD54B005A70EB /* Debug */,
				8587776D240CD54B005A70EB /* Release */,
			);
			defaultConfigurationIsVisible = 0;
			defaultConfigurationName = Release;
		};
/* End XCConfigurationList section */
	};
	rootObject = 8587774F240CD549005A70EB /* Project object */;
}
